
Microsoft Visual Studio Solution File, Format Version 12.00
# Visual Studio Version 17
VisualStudioVersion = 17.7.34031.279
MinimumVisualStudioVersion = 10.0.40219.1
Project("{8BC9CEB8-8B4A-11D0-8D11-00A0C91BC942}") = "Bai001", "Bai001\Bai001.vcxproj", "{BF944C9F-DE6D-485F-81A1-A372F21E88C3}"
EndProject
Project("{8BC9CEB8-8B4A-11D0-8D11-00A0C91BC942}") = "Bai002", "Bai002\Bai002.vcxproj", "{29BC3ABA-C896-4208-A0C0-505DB6DFE015}"
EndProject
Project("{8BC9CEB8-8B4A-11D0-8D11-00A0C91BC942}") = "Bai003", "Bai003\Bai003.vcxproj", "{BA7FB9E3-0197-46E0-AC59-A333E88DD2B8}"
EndProject
Project("{8BC9CEB8-8B4A-11D0-8D11-00A0C91BC942}") = "Bai004", "Bai004\Bai004.vcxproj", "{4A60347F-3167-4079-9B49-AC0F61847523}"
EndProject
Project("{8BC9CEB8-8B4A-11D0-8D11-00A0C91BC942}") = "Bai005", "Bai005\Bai005.vcxproj", "{F536825D-B999-4589-AB5B-AE7557622A16}"
EndProject
Project("{8BC9CEB8-8B4A-11D0-8D11-00A0C91BC942}") = "Bai007", "Bai007\Bai007.vcxproj", "{02609B34-1504-49CD-9E92-8ED56233164C}"
EndProject
Project("{8BC9CEB8-8B4A-11D0-8D11-00A0C91BC942}") = "Bai008", "Bai008\Bai008.vcxproj", "{4572A5E4-C23A-4A4D-9A0D-7B63E543C83D}"
EndProject
Project("{8BC9CEB8-8B4A-11D0-8D11-00A0C91BC942}") = "Bai009", "Bai009\Bai009.vcxproj", "{5371D97F-F00F-4F62-BD10-4E26742EC45A}"
EndProject
Project("{8BC9CEB8-8B4A-11D0-8D11-00A0C91BC942}") = "Bai010", "Bai010\Bai010.vcxproj", "{E26217FC-E939-46C3-83A1-09DCB2C8AEA3}"
EndProject
Project("{8BC9CEB8-8B4A-11D0-8D11-00A0C91BC942}") = "Bai006", "Bai006\Bai006.vcxproj", "{B0907221-27D1-464D-B00E-279FF3D4A794}"
EndProject
Project("{8BC9CEB8-8B4A-11D0-8D11-00A0C91BC942}") = "Bai011", "Bai011\Bai011.vcxproj", "{78AC60C7-3464-4391-9CA6-DC1830BFC112}"
EndProject
Project("{8BC9CEB8-8B4A-11D0-8D11-00A0C91BC942}") = "Bai012", "Bai012\Bai012.vcxproj", "{9B778BCA-C870-40D1-9993-43FF647FCF2D}"
EndProject
Project("{8BC9CEB8-8B4A-11D0-8D11-00A0C91BC942}") = "Bai013", "Bai013\Bai013.vcxproj", "{04C52287-C086-47D3-99DB-1FBBFE433D1B}"
EndProject
Project("{8BC9CEB8-8B4A-11D0-8D11-00A0C91BC942}") = "Bai014", "Bai014\Bai014.vcxproj", "{DBFD2597-881E-46B3-937E-F21B93136771}"
EndProject
Project("{8BC9CEB8-8B4A-11D0-8D11-00A0C91BC942}") = "Bai015", "Bai015\Bai015.vcxproj", "{DA48422F-9E0D-4FFA-B42A-D905572E4965}"
EndProject
Project("{8BC9CEB8-8B4A-11D0-8D11-00A0C91BC942}") = "Bai022", "Bai022\Bai022.vcxproj", "{CA9181FC-EC63-486B-8737-A62B2CC960CC}"
EndProject
Project("{8BC9CEB8-8B4A-11D0-8D11-00A0C91BC942}") = "Bai023", "Bai023\Bai023.vcxproj", "{2B7716D1-995E-4A7F-A6DE-EF46ECC26C05}"
EndProject
Project("{8BC9CEB8-8B4A-11D0-8D11-00A0C91BC942}") = "Bai024", "Bai024\Bai024.vcxproj", "{F8820DD6-0954-4874-8FC5-F7131E30DC2F}"
EndProject
Project("{8BC9CEB8-8B4A-11D0-8D11-00A0C91BC942}") = "Bai025", "Bai025\Bai025.vcxproj", "{4D09670E-DDBD-4B1F-9552-2485FEA5F89D}"
EndProject
Project("{8BC9CEB8-8B4A-11D0-8D11-00A0C91BC942}") = "Bai027", "Bai027\Bai027.vcxproj", "{4E2F9C1B-46D9-4351-A002-13D4D4C28145}"
EndProject
Project("{8BC9CEB8-8B4A-11D0-8D11-00A0C91BC942}") = "Bai028", "Bai028\Bai028.vcxproj", "{E326B9F1-3B07-4D04-BC23-A71DBEB2C811}"
EndProject
Project("{8BC9CEB8-8B4A-11D0-8D11-00A0C91BC942}") = "Bai029", "Bai029\Bai029.vcxproj", "{C6EADD98-EBAC-4877-A774-391D3BFCA919}"
EndProject
Project("{8BC9CEB8-8B4A-11D0-8D11-00A0C91BC942}") = "Bai030", "Bai030\Bai030.vcxproj", "{A2976EBE-3EE9-49B9-AC76-D5648B5FF0B7}"
EndProject
Project("{8BC9CEB8-8B4A-11D0-8D11-00A0C91BC942}") = "Bai031", "Bai031\Bai031.vcxproj", "{D5DD84A7-B98B-4058-8D4C-68122FFC3049}"
EndProject
Project("{8BC9CEB8-8B4A-11D0-8D11-00A0C91BC942}") = "Bai032", "Bai032\Bai032.vcxproj", "{828376D8-CDF0-4743-B04B-D20D15316FA3}"
EndProject
Project("{8BC9CEB8-8B4A-11D0-8D11-00A0C91BC942}") = "Bai033", "Bai033\Bai033.vcxproj", "{8AD6869A-9765-42F1-80E9-FED8B5375BE9}"
EndProject
Project("{8BC9CEB8-8B4A-11D0-8D11-00A0C91BC942}") = "Bai034", "Bai034\Bai034.vcxproj", "{329723F2-4CE4-4305-956A-2545D5EB8782}"
EndProject
Project("{8BC9CEB8-8B4A-11D0-8D11-00A0C91BC942}") = "Bai035", "Bai035\Bai035.vcxproj", "{F190E2F6-1749-4897-A518-0D60F908F8BE}"
EndProject
Project("{8BC9CEB8-8B4A-11D0-8D11-00A0C91BC942}") = "Bai036", "Bai036\Bai036.vcxproj", "{04996BCB-E7C7-41D3-A294-E2B643F0424F}"
EndProject
Project("{8BC9CEB8-8B4A-11D0-8D11-00A0C91BC942}") = "Bai037", "Bai037\Bai037.vcxproj", "{E3E26388-D417-422F-8A51-D7D037FD12F9}"
EndProject
Project("{8BC9CEB8-8B4A-11D0-8D11-00A0C91BC942}") = "Bai038", "Bai038\Bai038.vcxproj", "{D4C68BD6-2781-44D4-BB33-65817FB3AA0B}"
EndProject
Project("{8BC9CEB8-8B4A-11D0-8D11-00A0C91BC942}") = "Bai039", "Bai039\Bai039.vcxproj", "{3F0F26B1-2B58-445B-8FC9-C18FFE806C44}"
EndProject
Project("{8BC9CEB8-8B4A-11D0-8D11-00A0C91BC942}") = "Bai040", "Bai040\Bai040.vcxproj", "{7063CBAF-C3CB-4ABC-95CB-EE076614ECCA}"
EndProject
Project("{8BC9CEB8-8B4A-11D0-8D11-00A0C91BC942}") = "Bai041", "Bai041\Bai041.vcxproj", "{B3711A14-EC62-4586-A07A-70D2E7286775}"
EndProject
Project("{8BC9CEB8-8B4A-11D0-8D11-00A0C91BC942}") = "Bai042", "Bai042\Bai042.vcxproj", "{92133814-0A21-4C1B-90A9-3DDB2C61DE2E}"
EndProject
Project("{8BC9CEB8-8B4A-11D0-8D11-00A0C91BC942}") = "Bai043", "Bai043\Bai043.vcxproj", "{3008CFCE-4952-4416-945B-1D49076DE6D1}"
EndProject
Project("{8BC9CEB8-8B4A-11D0-8D11-00A0C91BC942}") = "Bai044", "Bai044\Bai044.vcxproj", "{E618F8AE-31E6-44E7-AC5F-7BA4A0554BA3}"
EndProject
Project("{8BC9CEB8-8B4A-11D0-8D11-00A0C91BC942}") = "Bai045", "Bai045\Bai045.vcxproj", "{4168A020-D4C3-49CA-8B56-ED372651CC3A}"
EndProject
Project("{8BC9CEB8-8B4A-11D0-8D11-00A0C91BC942}") = "Bai046", "Bai046\Bai046.vcxproj", "{53F41B82-48D2-4F2C-80C8-F41D21B2338A}"
EndProject
Project("{8BC9CEB8-8B4A-11D0-8D11-00A0C91BC942}") = "Bai047", "Bai047\Bai047.vcxproj", "{68A0980D-AAD2-4326-B9CF-0D9EEC2B6888}"
EndProject
Project("{8BC9CEB8-8B4A-11D0-8D11-00A0C91BC942}") = "Bai048", "Bai048\Bai048.vcxproj", "{808E68D9-9D87-46D2-8C9B-F27A7E8D07CC}"
EndProject
Project("{8BC9CEB8-8B4A-11D0-8D11-00A0C91BC942}") = "Bai049", "Bai049\Bai049.vcxproj", "{FAB3C55D-CA2C-48C8-896F-891BC9143613}"
EndProject
Project("{8BC9CEB8-8B4A-11D0-8D11-00A0C91BC942}") = "Bai050", "Bai050\Bai050.vcxproj", "{9AB1D361-BF10-47F7-A1AC-91667EA1B725}"
EndProject
Project("{8BC9CEB8-8B4A-11D0-8D11-00A0C91BC942}") = "Bai016", "Bai016\Bai016.vcxproj", "{174CCFCF-3E8A-4C0B-B538-4526B671BB81}"
EndProject
Project("{8BC9CEB8-8B4A-11D0-8D11-00A0C91BC942}") = "Bai017", "Bai017\Bai017.vcxproj", "{2D61ACDC-41EB-4161-A938-16885356254D}"
EndProject
Project("{8BC9CEB8-8B4A-11D0-8D11-00A0C91BC942}") = "Bai018", "Bai018\Bai018.vcxproj", "{7E93D048-B62B-44AB-94D0-9A4E0386E325}"
EndProject
Project("{8BC9CEB8-8B4A-11D0-8D11-00A0C91BC942}") = "Bai019", "Bai019\Bai019.vcxproj", "{936A0301-4BD6-496D-9794-4003D0BA1C0A}"
EndProject
Project("{8BC9CEB8-8B4A-11D0-8D11-00A0C91BC942}") = "Bai020", "Bai020\Bai020.vcxproj", "{D6EBF77F-2B86-49F5-A2B9-2BB8B9F4EDE4}"
EndProject
Project("{8BC9CEB8-8B4A-11D0-8D11-00A0C91BC942}") = "Bai021", "Bai021\Bai021.vcxproj", "{09AF9A84-049A-4EF5-B29A-F4EE36F76A02}"
EndProject
Project("{8BC9CEB8-8B4A-11D0-8D11-00A0C91BC942}") = "Bai026", "Bai026\Bai026.vcxproj", "{26BE9B6E-C15E-4C96-842C-A4D4992563D3}"
EndProject
Project("{8BC9CEB8-8B4A-11D0-8D11-00A0C91BC942}") = "Bai051", "Bai051\Bai051.vcxproj", "{0FD20EAC-501C-4898-A379-15A8BF639C9F}"
EndProject
Project("{8BC9CEB8-8B4A-11D0-8D11-00A0C91BC942}") = "Bai052", "Bai052\Bai052.vcxproj", "{094BAA45-A4B5-4E04-975E-24F2E2CD664D}"
EndProject
Global
	GlobalSection(SolutionConfigurationPlatforms) = preSolution
		Debug|x64 = Debug|x64
		Debug|x86 = Debug|x86
		Release|x64 = Release|x64
		Release|x86 = Release|x86
	EndGlobalSection
	GlobalSection(ProjectConfigurationPlatforms) = postSolution
		{BF944C9F-DE6D-485F-81A1-A372F21E88C3}.Debug|x64.ActiveCfg = Debug|x64
		{BF944C9F-DE6D-485F-81A1-A372F21E88C3}.Debug|x64.Build.0 = Debug|x64
		{BF944C9F-DE6D-485F-81A1-A372F21E88C3}.Debug|x86.ActiveCfg = Debug|Win32
		{BF944C9F-DE6D-485F-81A1-A372F21E88C3}.Debug|x86.Build.0 = Debug|Win32
		{BF944C9F-DE6D-485F-81A1-A372F21E88C3}.Release|x64.ActiveCfg = Release|x64
		{BF944C9F-DE6D-485F-81A1-A372F21E88C3}.Release|x64.Build.0 = Release|x64
		{BF944C9F-DE6D-485F-81A1-A372F21E88C3}.Release|x86.ActiveCfg = Release|Win32
		{BF944C9F-DE6D-485F-81A1-A372F21E88C3}.Release|x86.Build.0 = Release|Win32
		{29BC3ABA-C896-4208-A0C0-505DB6DFE015}.Debug|x64.ActiveCfg = Debug|x64
		{29BC3ABA-C896-4208-A0C0-505DB6DFE015}.Debug|x64.Build.0 = Debug|x64
		{29BC3ABA-C896-4208-A0C0-505DB6DFE015}.Debug|x86.ActiveCfg = Debug|Win32
		{29BC3ABA-C896-4208-A0C0-505DB6DFE015}.Debug|x86.Build.0 = Debug|Win32
		{29BC3ABA-C896-4208-A0C0-505DB6DFE015}.Release|x64.ActiveCfg = Release|x64
		{29BC3ABA-C896-4208-A0C0-505DB6DFE015}.Release|x64.Build.0 = Release|x64
		{29BC3ABA-C896-4208-A0C0-505DB6DFE015}.Release|x86.ActiveCfg = Release|Win32
		{29BC3ABA-C896-4208-A0C0-505DB6DFE015}.Release|x86.Build.0 = Release|Win32
		{BA7FB9E3-0197-46E0-AC59-A333E88DD2B8}.Debug|x64.ActiveCfg = Debug|x64
		{BA7FB9E3-0197-46E0-AC59-A333E88DD2B8}.Debug|x64.Build.0 = Debug|x64
		{BA7FB9E3-0197-46E0-AC59-A333E88DD2B8}.Debug|x86.ActiveCfg = Debug|Win32
		{BA7FB9E3-0197-46E0-AC59-A333E88DD2B8}.Debug|x86.Build.0 = Debug|Win32
		{BA7FB9E3-0197-46E0-AC59-A333E88DD2B8}.Release|x64.ActiveCfg = Release|x64
		{BA7FB9E3-0197-46E0-AC59-A333E88DD2B8}.Release|x64.Build.0 = Release|x64
		{BA7FB9E3-0197-46E0-AC59-A333E88DD2B8}.Release|x86.ActiveCfg = Release|Win32
		{BA7FB9E3-0197-46E0-AC59-A333E88DD2B8}.Release|x86.Build.0 = Release|Win32
		{4A60347F-3167-4079-9B49-AC0F61847523}.Debug|x64.ActiveCfg = Debug|x64
		{4A60347F-3167-4079-9B49-AC0F61847523}.Debug|x64.Build.0 = Debug|x64
		{4A60347F-3167-4079-9B49-AC0F61847523}.Debug|x86.ActiveCfg = Debug|Win32
		{4A60347F-3167-4079-9B49-AC0F61847523}.Debug|x86.Build.0 = Debug|Win32
		{4A60347F-3167-4079-9B49-AC0F61847523}.Release|x64.ActiveCfg = Release|x64
		{4A60347F-3167-4079-9B49-AC0F61847523}.Release|x64.Build.0 = Release|x64
		{4A60347F-3167-4079-9B49-AC0F61847523}.Release|x86.ActiveCfg = Release|Win32
		{4A60347F-3167-4079-9B49-AC0F61847523}.Release|x86.Build.0 = Release|Win32
		{F536825D-B999-4589-AB5B-AE7557622A16}.Debug|x64.ActiveCfg = Debug|x64
		{F536825D-B999-4589-AB5B-AE7557622A16}.Debug|x64.Build.0 = Debug|x64
		{F536825D-B999-4589-AB5B-AE7557622A16}.Debug|x86.ActiveCfg = Debug|Win32
		{F536825D-B999-4589-AB5B-AE7557622A16}.Debug|x86.Build.0 = Debug|Win32
		{F536825D-B999-4589-AB5B-AE7557622A16}.Release|x64.ActiveCfg = Release|x64
		{F536825D-B999-4589-AB5B-AE7557622A16}.Release|x64.Build.0 = Release|x64
		{F536825D-B999-4589-AB5B-AE7557622A16}.Release|x86.ActiveCfg = Release|Win32
		{F536825D-B999-4589-AB5B-AE7557622A16}.Release|x86.Build.0 = Release|Win32
		{02609B34-1504-49CD-9E92-8ED56233164C}.Debug|x64.ActiveCfg = Debug|x64
		{02609B34-1504-49CD-9E92-8ED56233164C}.Debug|x64.Build.0 = Debug|x64
		{02609B34-1504-49CD-9E92-8ED56233164C}.Debug|x86.ActiveCfg = Debug|Win32
		{02609B34-1504-49CD-9E92-8ED56233164C}.Debug|x86.Build.0 = Debug|Win32
		{02609B34-1504-49CD-9E92-8ED56233164C}.Release|x64.ActiveCfg = Release|x64
		{02609B34-1504-49CD-9E92-8ED56233164C}.Release|x64.Build.0 = Release|x64
		{02609B34-1504-49CD-9E92-8ED56233164C}.Release|x86.ActiveCfg = Release|Win32
		{02609B34-1504-49CD-9E92-8ED56233164C}.Release|x86.Build.0 = Release|Win32
		{4572A5E4-C23A-4A4D-9A0D-7B63E543C83D}.Debug|x64.ActiveCfg = Debug|x64
		{4572A5E4-C23A-4A4D-9A0D-7B63E543C83D}.Debug|x64.Build.0 = Debug|x64
		{4572A5E4-C23A-4A4D-9A0D-7B63E543C83D}.Debug|x86.ActiveCfg = Debug|Win32
		{4572A5E4-C23A-4A4D-9A0D-7B63E543C83D}.Debug|x86.Build.0 = Debug|Win32
		{4572A5E4-C23A-4A4D-9A0D-7B63E543C83D}.Release|x64.ActiveCfg = Release|x64
		{4572A5E4-C23A-4A4D-9A0D-7B63E543C83D}.Release|x64.Build.0 = Release|x64
		{4572A5E4-C23A-4A4D-9A0D-7B63E543C83D}.Release|x86.ActiveCfg = Release|Win32
		{4572A5E4-C23A-4A4D-9A0D-7B63E543C83D}.Release|x86.Build.0 = Release|Win32
		{5371D97F-F00F-4F62-BD10-4E26742EC45A}.Debug|x64.ActiveCfg = Debug|x64
		{5371D97F-F00F-4F62-BD10-4E26742EC45A}.Debug|x64.Build.0 = Debug|x64
		{5371D97F-F00F-4F62-BD10-4E26742EC45A}.Debug|x86.ActiveCfg = Debug|Win32
		{5371D97F-F00F-4F62-BD10-4E26742EC45A}.Debug|x86.Build.0 = Debug|Win32
		{5371D97F-F00F-4F62-BD10-4E26742EC45A}.Release|x64.ActiveCfg = Release|x64
		{5371D97F-F00F-4F62-BD10-4E26742EC45A}.Release|x64.Build.0 = Release|x64
		{5371D97F-F00F-4F62-BD10-4E26742EC45A}.Release|x86.ActiveCfg = Release|Win32
		{5371D97F-F00F-4F62-BD10-4E26742EC45A}.Release|x86.Build.0 = Release|Win32
		{E26217FC-E939-46C3-83A1-09DCB2C8AEA3}.Debug|x64.ActiveCfg = Debug|x64
		{E26217FC-E939-46C3-83A1-09DCB2C8AEA3}.Debug|x64.Build.0 = Debug|x64
		{E26217FC-E939-46C3-83A1-09DCB2C8AEA3}.Debug|x86.ActiveCfg = Debug|Win32
		{E26217FC-E939-46C3-83A1-09DCB2C8AEA3}.Debug|x86.Build.0 = Debug|Win32
		{E26217FC-E939-46C3-83A1-09DCB2C8AEA3}.Release|x64.ActiveCfg = Release|x64
		{E26217FC-E939-46C3-83A1-09DCB2C8AEA3}.Release|x64.Build.0 = Release|x64
		{E26217FC-E939-46C3-83A1-09DCB2C8AEA3}.Release|x86.ActiveCfg = Release|Win32
		{E26217FC-E939-46C3-83A1-09DCB2C8AEA3}.Release|x86.Build.0 = Release|Win32
		{B0907221-27D1-464D-B00E-279FF3D4A794}.Debug|x64.ActiveCfg = Debug|x64
		{B0907221-27D1-464D-B00E-279FF3D4A794}.Debug|x64.Build.0 = Debug|x64
		{B0907221-27D1-464D-B00E-279FF3D4A794}.Debug|x86.ActiveCfg = Debug|Win32
		{B0907221-27D1-464D-B00E-279FF3D4A794}.Debug|x86.Build.0 = Debug|Win32
		{B0907221-27D1-464D-B00E-279FF3D4A794}.Release|x64.ActiveCfg = Release|x64
		{B0907221-27D1-464D-B00E-279FF3D4A794}.Release|x64.Build.0 = Release|x64
		{B0907221-27D1-464D-B00E-279FF3D4A794}.Release|x86.ActiveCfg = Release|Win32
		{B0907221-27D1-464D-B00E-279FF3D4A794}.Release|x86.Build.0 = Release|Win32
		{78AC60C7-3464-4391-9CA6-DC1830BFC112}.Debug|x64.ActiveCfg = Debug|x64
		{78AC60C7-3464-4391-9CA6-DC1830BFC112}.Debug|x64.Build.0 = Debug|x64
		{78AC60C7-3464-4391-9CA6-DC1830BFC112}.Debug|x86.ActiveCfg = Debug|Win32
		{78AC60C7-3464-4391-9CA6-DC1830BFC112}.Debug|x86.Build.0 = Debug|Win32
		{78AC60C7-3464-4391-9CA6-DC1830BFC112}.Release|x64.ActiveCfg = Release|x64
		{78AC60C7-3464-4391-9CA6-DC1830BFC112}.Release|x64.Build.0 = Release|x64
		{78AC60C7-3464-4391-9CA6-DC1830BFC112}.Release|x86.ActiveCfg = Release|Win32
		{78AC60C7-3464-4391-9CA6-DC1830BFC112}.Release|x86.Build.0 = Release|Win32
		{9B778BCA-C870-40D1-9993-43FF647FCF2D}.Debug|x64.ActiveCfg = Debug|x64
		{9B778BCA-C870-40D1-9993-43FF647FCF2D}.Debug|x64.Build.0 = Debug|x64
		{9B778BCA-C870-40D1-9993-43FF647FCF2D}.Debug|x86.ActiveCfg = Debug|Win32
		{9B778BCA-C870-40D1-9993-43FF647FCF2D}.Debug|x86.Build.0 = Debug|Win32
		{9B778BCA-C870-40D1-9993-43FF647FCF2D}.Release|x64.ActiveCfg = Release|x64
		{9B778BCA-C870-40D1-9993-43FF647FCF2D}.Release|x64.Build.0 = Release|x64
		{9B778BCA-C870-40D1-9993-43FF647FCF2D}.Release|x86.ActiveCfg = Release|Win32
		{9B778BCA-C870-40D1-9993-43FF647FCF2D}.Release|x86.Build.0 = Release|Win32
		{04C52287-C086-47D3-99DB-1FBBFE433D1B}.Debug|x64.ActiveCfg = Debug|x64
		{04C52287-C086-47D3-99DB-1FBBFE433D1B}.Debug|x64.Build.0 = Debug|x64
		{04C52287-C086-47D3-99DB-1FBBFE433D1B}.Debug|x86.ActiveCfg = Debug|Win32
		{04C52287-C086-47D3-99DB-1FBBFE433D1B}.Debug|x86.Build.0 = Debug|Win32
		{04C52287-C086-47D3-99DB-1FBBFE433D1B}.Release|x64.ActiveCfg = Release|x64
		{04C52287-C086-47D3-99DB-1FBBFE433D1B}.Release|x64.Build.0 = Release|x64
		{04C52287-C086-47D3-99DB-1FBBFE433D1B}.Release|x86.ActiveCfg = Release|Win32
		{04C52287-C086-47D3-99DB-1FBBFE433D1B}.Release|x86.Build.0 = Release|Win32
		{DBFD2597-881E-46B3-937E-F21B93136771}.Debug|x64.ActiveCfg = Debug|x64
		{DBFD2597-881E-46B3-937E-F21B93136771}.Debug|x64.Build.0 = Debug|x64
		{DBFD2597-881E-46B3-937E-F21B93136771}.Debug|x86.ActiveCfg = Debug|Win32
		{DBFD2597-881E-46B3-937E-F21B93136771}.Debug|x86.Build.0 = Debug|Win32
		{DBFD2597-881E-46B3-937E-F21B93136771}.Release|x64.ActiveCfg = Release|x64
		{DBFD2597-881E-46B3-937E-F21B93136771}.Release|x64.Build.0 = Release|x64
		{DBFD2597-881E-46B3-937E-F21B93136771}.Release|x86.ActiveCfg = Release|Win32
		{DBFD2597-881E-46B3-937E-F21B93136771}.Release|x86.Build.0 = Release|Win32
		{DA48422F-9E0D-4FFA-B42A-D905572E4965}.Debug|x64.ActiveCfg = Debug|x64
		{DA48422F-9E0D-4FFA-B42A-D905572E4965}.Debug|x64.Build.0 = Debug|x64
		{DA48422F-9E0D-4FFA-B42A-D905572E4965}.Debug|x86.ActiveCfg = Debug|Win32
		{DA48422F-9E0D-4FFA-B42A-D905572E4965}.Debug|x86.Build.0 = Debug|Win32
		{DA48422F-9E0D-4FFA-B42A-D905572E4965}.Release|x64.ActiveCfg = Release|x64
		{DA48422F-9E0D-4FFA-B42A-D905572E4965}.Release|x64.Build.0 = Release|x64
		{DA48422F-9E0D-4FFA-B42A-D905572E4965}.Release|x86.ActiveCfg = Release|Win32
		{DA48422F-9E0D-4FFA-B42A-D905572E4965}.Release|x86.Build.0 = Release|Win32
		{CA9181FC-EC63-486B-8737-A62B2CC960CC}.Debug|x64.ActiveCfg = Debug|x64
		{CA9181FC-EC63-486B-8737-A62B2CC960CC}.Debug|x64.Build.0 = Debug|x64
		{CA9181FC-EC63-486B-8737-A62B2CC960CC}.Debug|x86.ActiveCfg = Debug|Win32
		{CA9181FC-EC63-486B-8737-A62B2CC960CC}.Debug|x86.Build.0 = Debug|Win32
		{CA9181FC-EC63-486B-8737-A62B2CC960CC}.Release|x64.ActiveCfg = Release|x64
		{CA9181FC-EC63-486B-8737-A62B2CC960CC}.Release|x64.Build.0 = Release|x64
		{CA9181FC-EC63-486B-8737-A62B2CC960CC}.Release|x86.ActiveCfg = Release|Win32
		{CA9181FC-EC63-486B-8737-A62B2CC960CC}.Release|x86.Build.0 = Release|Win32
		{2B7716D1-995E-4A7F-A6DE-EF46ECC26C05}.Debug|x64.ActiveCfg = Debug|x64
		{2B7716D1-995E-4A7F-A6DE-EF46ECC26C05}.Debug|x64.Build.0 = Debug|x64
		{2B7716D1-995E-4A7F-A6DE-EF46ECC26C05}.Debug|x86.ActiveCfg = Debug|Win32
		{2B7716D1-995E-4A7F-A6DE-EF46ECC26C05}.Debug|x86.Build.0 = Debug|Win32
		{2B7716D1-995E-4A7F-A6DE-EF46ECC26C05}.Release|x64.ActiveCfg = Release|x64
		{2B7716D1-995E-4A7F-A6DE-EF46ECC26C05}.Release|x64.Build.0 = Release|x64
		{2B7716D1-995E-4A7F-A6DE-EF46ECC26C05}.Release|x86.ActiveCfg = Release|Win32
		{2B7716D1-995E-4A7F-A6DE-EF46ECC26C05}.Release|x86.Build.0 = Release|Win32
		{F8820DD6-0954-4874-8FC5-F7131E30DC2F}.Debug|x64.ActiveCfg = Debug|x64
		{F8820DD6-0954-4874-8FC5-F7131E30DC2F}.Debug|x64.Build.0 = Debug|x64
		{F8820DD6-0954-4874-8FC5-F7131E30DC2F}.Debug|x86.ActiveCfg = Debug|Win32
		{F8820DD6-0954-4874-8FC5-F7131E30DC2F}.Debug|x86.Build.0 = Debug|Win32
		{F8820DD6-0954-4874-8FC5-F7131E30DC2F}.Release|x64.ActiveCfg = Release|x64
		{F8820DD6-0954-4874-8FC5-F7131E30DC2F}.Release|x64.Build.0 = Release|x64
		{F8820DD6-0954-4874-8FC5-F7131E30DC2F}.Release|x86.ActiveCfg = Release|Win32
		{F8820DD6-0954-4874-8FC5-F7131E30DC2F}.Release|x86.Build.0 = Release|Win32
		{4D09670E-DDBD-4B1F-9552-2485FEA5F89D}.Debug|x64.ActiveCfg = Debug|x64
		{4D09670E-DDBD-4B1F-9552-2485FEA5F89D}.Debug|x64.Build.0 = Debug|x64
		{4D09670E-DDBD-4B1F-9552-2485FEA5F89D}.Debug|x86.ActiveCfg = Debug|Win32
		{4D09670E-DDBD-4B1F-9552-2485FEA5F89D}.Debug|x86.Build.0 = Debug|Win32
		{4D09670E-DDBD-4B1F-9552-2485FEA5F89D}.Release|x64.ActiveCfg = Release|x64
		{4D09670E-DDBD-4B1F-9552-2485FEA5F89D}.Release|x64.Build.0 = Release|x64
		{4D09670E-DDBD-4B1F-9552-2485FEA5F89D}.Release|x86.ActiveCfg = Release|Win32
		{4D09670E-DDBD-4B1F-9552-2485FEA5F89D}.Release|x86.Build.0 = Release|Win32
		{4E2F9C1B-46D9-4351-A002-13D4D4C28145}.Debug|x64.ActiveCfg = Debug|x64
		{4E2F9C1B-46D9-4351-A002-13D4D4C28145}.Debug|x64.Build.0 = Debug|x64
		{4E2F9C1B-46D9-4351-A002-13D4D4C28145}.Debug|x86.ActiveCfg = Debug|Win32
		{4E2F9C1B-46D9-4351-A002-13D4D4C28145}.Debug|x86.Build.0 = Debug|Win32
		{4E2F9C1B-46D9-4351-A002-13D4D4C28145}.Release|x64.ActiveCfg = Release|x64
		{4E2F9C1B-46D9-4351-A002-13D4D4C28145}.Release|x64.Build.0 = Release|x64
		{4E2F9C1B-46D9-4351-A002-13D4D4C28145}.Release|x86.ActiveCfg = Release|Win32
		{4E2F9C1B-46D9-4351-A002-13D4D4C28145}.Release|x86.Build.0 = Release|Win32
		{E326B9F1-3B07-4D04-BC23-A71DBEB2C811}.Debug|x64.ActiveCfg = Debug|x64
		{E326B9F1-3B07-4D04-BC23-A71DBEB2C811}.Debug|x64.Build.0 = Debug|x64
		{E326B9F1-3B07-4D04-BC23-A71DBEB2C811}.Debug|x86.ActiveCfg = Debug|Win32
		{E326B9F1-3B07-4D04-BC23-A71DBEB2C811}.Debug|x86.Build.0 = Debug|Win32
		{E326B9F1-3B07-4D04-BC23-A71DBEB2C811}.Release|x64.ActiveCfg = Release|x64
		{E326B9F1-3B07-4D04-BC23-A71DBEB2C811}.Release|x64.Build.0 = Release|x64
		{E326B9F1-3B07-4D04-BC23-A71DBEB2C811}.Release|x86.ActiveCfg = Release|Win32
		{E326B9F1-3B07-4D04-BC23-A71DBEB2C811}.Release|x86.Build.0 = Release|Win32
		{C6EADD98-EBAC-4877-A774-391D3BFCA919}.Debug|x64.ActiveCfg = Debug|x64
		{C6EADD98-EBAC-4877-A774-391D3BFCA919}.Debug|x64.Build.0 = Debug|x64
		{C6EADD98-EBAC-4877-A774-391D3BFCA919}.Debug|x86.ActiveCfg = Debug|Win32
		{C6EADD98-EBAC-4877-A774-391D3BFCA919}.Debug|x86.Build.0 = Debug|Win32
		{C6EADD98-EBAC-4877-A774-391D3BFCA919}.Release|x64.ActiveCfg = Release|x64
		{C6EADD98-EBAC-4877-A774-391D3BFCA919}.Release|x64.Build.0 = Release|x64
		{C6EADD98-EBAC-4877-A774-391D3BFCA919}.Release|x86.ActiveCfg = Release|Win32
		{C6EADD98-EBAC-4877-A774-391D3BFCA919}.Release|x86.Build.0 = Release|Win32
		{A2976EBE-3EE9-49B9-AC76-D5648B5FF0B7}.Debug|x64.ActiveCfg = Debug|x64
		{A2976EBE-3EE9-49B9-AC76-D5648B5FF0B7}.Debug|x64.Build.0 = Debug|x64
		{A2976EBE-3EE9-49B9-AC76-D5648B5FF0B7}.Debug|x86.ActiveCfg = Debug|Win32
		{A2976EBE-3EE9-49B9-AC76-D5648B5FF0B7}.Debug|x86.Build.0 = Debug|Win32
		{A2976EBE-3EE9-49B9-AC76-D5648B5FF0B7}.Release|x64.ActiveCfg = Release|x64
		{A2976EBE-3EE9-49B9-AC76-D5648B5FF0B7}.Release|x64.Build.0 = Release|x64
		{A2976EBE-3EE9-49B9-AC76-D5648B5FF0B7}.Release|x86.ActiveCfg = Release|Win32
		{A2976EBE-3EE9-49B9-AC76-D5648B5FF0B7}.Release|x86.Build.0 = Release|Win32
		{D5DD84A7-B98B-4058-8D4C-68122FFC3049}.Debug|x64.ActiveCfg = Debug|x64
		{D5DD84A7-B98B-4058-8D4C-68122FFC3049}.Debug|x64.Build.0 = Debug|x64
		{D5DD84A7-B98B-4058-8D4C-68122FFC3049}.Debug|x86.ActiveCfg = Debug|Win32
		{D5DD84A7-B98B-4058-8D4C-68122FFC3049}.Debug|x86.Build.0 = Debug|Win32
		{D5DD84A7-B98B-4058-8D4C-68122FFC3049}.Release|x64.ActiveCfg = Release|x64
		{D5DD84A7-B98B-4058-8D4C-68122FFC3049}.Release|x64.Build.0 = Release|x64
		{D5DD84A7-B98B-4058-8D4C-68122FFC3049}.Release|x86.ActiveCfg = Release|Win32
		{D5DD84A7-B98B-4058-8D4C-68122FFC3049}.Release|x86.Build.0 = Release|Win32
		{828376D8-CDF0-4743-B04B-D20D15316FA3}.Debug|x64.ActiveCfg = Debug|x64
		{828376D8-CDF0-4743-B04B-D20D15316FA3}.Debug|x64.Build.0 = Debug|x64
		{828376D8-CDF0-4743-B04B-D20D15316FA3}.Debug|x86.ActiveCfg = Debug|Win32
		{828376D8-CDF0-4743-B04B-D20D15316FA3}.Debug|x86.Build.0 = Debug|Win32
		{828376D8-CDF0-4743-B04B-D20D15316FA3}.Release|x64.ActiveCfg = Release|x64
		{828376D8-CDF0-4743-B04B-D20D15316FA3}.Release|x64.Build.0 = Release|x64
		{828376D8-CDF0-4743-B04B-D20D15316FA3}.Release|x86.ActiveCfg = Release|Win32
		{828376D8-CDF0-4743-B04B-D20D15316FA3}.Release|x86.Build.0 = Release|Win32
		{8AD6869A-9765-42F1-80E9-FED8B5375BE9}.Debug|x64.ActiveCfg = Debug|x64
		{8AD6869A-9765-42F1-80E9-FED8B5375BE9}.Debug|x64.Build.0 = Debug|x64
		{8AD6869A-9765-42F1-80E9-FED8B5375BE9}.Debug|x86.ActiveCfg = Debug|Win32
		{8AD6869A-9765-42F1-80E9-FED8B5375BE9}.Debug|x86.Build.0 = Debug|Win32
		{8AD6869A-9765-42F1-80E9-FED8B5375BE9}.Release|x64.ActiveCfg = Release|x64
		{8AD6869A-9765-42F1-80E9-FED8B5375BE9}.Release|x64.Build.0 = Release|x64
		{8AD6869A-9765-42F1-80E9-FED8B5375BE9}.Release|x86.ActiveCfg = Release|Win32
		{8AD6869A-9765-42F1-80E9-FED8B5375BE9}.Release|x86.Build.0 = Release|Win32
		{329723F2-4CE4-4305-956A-2545D5EB8782}.Debug|x64.ActiveCfg = Debug|x64
		{329723F2-4CE4-4305-956A-2545D5EB8782}.Debug|x64.Build.0 = Debug|x64
		{329723F2-4CE4-4305-956A-2545D5EB8782}.Debug|x86.ActiveCfg = Debug|Win32
		{329723F2-4CE4-4305-956A-2545D5EB8782}.Debug|x86.Build.0 = Debug|Win32
		{329723F2-4CE4-4305-956A-2545D5EB8782}.Release|x64.ActiveCfg = Release|x64
		{329723F2-4CE4-4305-956A-2545D5EB8782}.Release|x64.Build.0 = Release|x64
		{329723F2-4CE4-4305-956A-2545D5EB8782}.Release|x86.ActiveCfg = Release|Win32
		{329723F2-4CE4-4305-956A-2545D5EB8782}.Release|x86.Build.0 = Release|Win32
		{F190E2F6-1749-4897-A518-0D60F908F8BE}.Debug|x64.ActiveCfg = Debug|x64
		{F190E2F6-1749-4897-A518-0D60F908F8BE}.Debug|x64.Build.0 = Debug|x64
		{F190E2F6-1749-4897-A518-0D60F908F8BE}.Debug|x86.ActiveCfg = Debug|Win32
		{F190E2F6-1749-4897-A518-0D60F908F8BE}.Debug|x86.Build.0 = Debug|Win32
		{F190E2F6-1749-4897-A518-0D60F908F8BE}.Release|x64.ActiveCfg = Release|x64
		{F190E2F6-1749-4897-A518-0D60F908F8BE}.Release|x64.Build.0 = Release|x64
		{F190E2F6-1749-4897-A518-0D60F908F8BE}.Release|x86.ActiveCfg = Release|Win32
		{F190E2F6-1749-4897-A518-0D60F908F8BE}.Release|x86.Build.0 = Release|Win32
		{04996BCB-E7C7-41D3-A294-E2B643F0424F}.Debug|x64.ActiveCfg = Debug|x64
		{04996BCB-E7C7-41D3-A294-E2B643F0424F}.Debug|x64.Build.0 = Debug|x64
		{04996BCB-E7C7-41D3-A294-E2B643F0424F}.Debug|x86.ActiveCfg = Debug|Win32
		{04996BCB-E7C7-41D3-A294-E2B643F0424F}.Debug|x86.Build.0 = Debug|Win32
		{04996BCB-E7C7-41D3-A294-E2B643F0424F}.Release|x64.ActiveCfg = Release|x64
		{04996BCB-E7C7-41D3-A294-E2B643F0424F}.Release|x64.Build.0 = Release|x64
		{04996BCB-E7C7-41D3-A294-E2B643F0424F}.Release|x86.ActiveCfg = Release|Win32
		{04996BCB-E7C7-41D3-A294-E2B643F0424F}.Release|x86.Build.0 = Release|Win32
		{E3E26388-D417-422F-8A51-D7D037FD12F9}.Debug|x64.ActiveCfg = Debug|x64
		{E3E26388-D417-422F-8A51-D7D037FD12F9}.Debug|x64.Build.0 = Debug|x64
		{E3E26388-D417-422F-8A51-D7D037FD12F9}.Debug|x86.ActiveCfg = Debug|Win32
		{E3E26388-D417-422F-8A51-D7D037FD12F9}.Debug|x86.Build.0 = Debug|Win32
		{E3E26388-D417-422F-8A51-D7D037FD12F9}.Release|x64.ActiveCfg = Release|x64
		{E3E26388-D417-422F-8A51-D7D037FD12F9}.Release|x64.Build.0 = Release|x64
		{E3E26388-D417-422F-8A51-D7D037FD12F9}.Release|x86.ActiveCfg = Release|Win32
		{E3E26388-D417-422F-8A51-D7D037FD12F9}.Release|x86.Build.0 = Release|Win32
		{D4C68BD6-2781-44D4-BB33-65817FB3AA0B}.Debug|x64.ActiveCfg = Debug|x64
		{D4C68BD6-2781-44D4-BB33-65817FB3AA0B}.Debug|x64.Build.0 = Debug|x64
		{D4C68BD6-2781-44D4-BB33-65817FB3AA0B}.Debug|x86.ActiveCfg = Debug|Win32
		{D4C68BD6-2781-44D4-BB33-65817FB3AA0B}.Debug|x86.Build.0 = Debug|Win32
		{D4C68BD6-2781-44D4-BB33-65817FB3AA0B}.Release|x64.ActiveCfg = Release|x64
		{D4C68BD6-2781-44D4-BB33-65817FB3AA0B}.Release|x64.Build.0 = Release|x64
		{D4C68BD6-2781-44D4-BB33-65817FB3AA0B}.Release|x86.ActiveCfg = Release|Win32
		{D4C68BD6-2781-44D4-BB33-65817FB3AA0B}.Release|x86.Build.0 = Release|Win32
		{3F0F26B1-2B58-445B-8FC9-C18FFE806C44}.Debug|x64.ActiveCfg = Debug|x64
		{3F0F26B1-2B58-445B-8FC9-C18FFE806C44}.Debug|x64.Build.0 = Debug|x64
		{3F0F26B1-2B58-445B-8FC9-C18FFE806C44}.Debug|x86.ActiveCfg = Debug|Win32
		{3F0F26B1-2B58-445B-8FC9-C18FFE806C44}.Debug|x86.Build.0 = Debug|Win32
		{3F0F26B1-2B58-445B-8FC9-C18FFE806C44}.Release|x64.ActiveCfg = Release|x64
		{3F0F26B1-2B58-445B-8FC9-C18FFE806C44}.Release|x64.Build.0 = Release|x64
		{3F0F26B1-2B58-445B-8FC9-C18FFE806C44}.Release|x86.ActiveCfg = Release|Win32
		{3F0F26B1-2B58-445B-8FC9-C18FFE806C44}.Release|x86.Build.0 = Release|Win32
		{7063CBAF-C3CB-4ABC-95CB-EE076614ECCA}.Debug|x64.ActiveCfg = Debug|x64
		{7063CBAF-C3CB-4ABC-95CB-EE076614ECCA}.Debug|x64.Build.0 = Debug|x64
		{7063CBAF-C3CB-4ABC-95CB-EE076614ECCA}.Debug|x86.ActiveCfg = Debug|Win32
		{7063CBAF-C3CB-4ABC-95CB-EE076614ECCA}.Debug|x86.Build.0 = Debug|Win32
		{7063CBAF-C3CB-4ABC-95CB-EE076614ECCA}.Release|x64.ActiveCfg = Release|x64
		{7063CBAF-C3CB-4ABC-95CB-EE076614ECCA}.Release|x64.Build.0 = Release|x64
		{7063CBAF-C3CB-4ABC-95CB-EE076614ECCA}.Release|x86.ActiveCfg = Release|Win32
		{7063CBAF-C3CB-4ABC-95CB-EE076614ECCA}.Release|x86.Build.0 = Release|Win32
		{B3711A14-EC62-4586-A07A-70D2E7286775}.Debug|x64.ActiveCfg = Debug|x64
		{B3711A14-EC62-4586-A07A-70D2E7286775}.Debug|x64.Build.0 = Debug|x64
		{B3711A14-EC62-4586-A07A-70D2E7286775}.Debug|x86.ActiveCfg = Debug|Win32
		{B3711A14-EC62-4586-A07A-70D2E7286775}.Debug|x86.Build.0 = Debug|Win32
		{B3711A14-EC62-4586-A07A-70D2E7286775}.Release|x64.ActiveCfg = Release|x64
		{B3711A14-EC62-4586-A07A-70D2E7286775}.Release|x64.Build.0 = Release|x64
		{B3711A14-EC62-4586-A07A-70D2E7286775}.Release|x86.ActiveCfg = Release|Win32
		{B3711A14-EC62-4586-A07A-70D2E7286775}.Release|x86.Build.0 = Release|Win32
		{92133814-0A21-4C1B-90A9-3DDB2C61DE2E}.Debug|x64.ActiveCfg = Debug|x64
		{92133814-0A21-4C1B-90A9-3DDB2C61DE2E}.Debug|x64.Build.0 = Debug|x64
		{92133814-0A21-4C1B-90A9-3DDB2C61DE2E}.Debug|x86.ActiveCfg = Debug|Win32
		{92133814-0A21-4C1B-90A9-3DDB2C61DE2E}.Debug|x86.Build.0 = Debug|Win32
		{92133814-0A21-4C1B-90A9-3DDB2C61DE2E}.Release|x64.ActiveCfg = Release|x64
		{92133814-0A21-4C1B-90A9-3DDB2C61DE2E}.Release|x64.Build.0 = Release|x64
		{92133814-0A21-4C1B-90A9-3DDB2C61DE2E}.Release|x86.ActiveCfg = Release|Win32
		{92133814-0A21-4C1B-90A9-3DDB2C61DE2E}.Release|x86.Build.0 = Release|Win32
		{3008CFCE-4952-4416-945B-1D49076DE6D1}.Debug|x64.ActiveCfg = Debug|x64
		{3008CFCE-4952-4416-945B-1D49076DE6D1}.Debug|x64.Build.0 = Debug|x64
		{3008CFCE-4952-4416-945B-1D49076DE6D1}.Debug|x86.ActiveCfg = Debug|Win32
		{3008CFCE-4952-4416-945B-1D49076DE6D1}.Debug|x86.Build.0 = Debug|Win32
		{3008CFCE-4952-4416-945B-1D49076DE6D1}.Release|x64.ActiveCfg = Release|x64
		{3008CFCE-4952-4416-945B-1D49076DE6D1}.Release|x64.Build.0 = Release|x64
		{3008CFCE-4952-4416-945B-1D49076DE6D1}.Release|x86.ActiveCfg = Release|Win32
		{3008CFCE-4952-4416-945B-1D49076DE6D1}.Release|x86.Build.0 = Release|Win32
		{E618F8AE-31E6-44E7-AC5F-7BA4A0554BA3}.Debug|x64.ActiveCfg = Debug|x64
		{E618F8AE-31E6-44E7-AC5F-7BA4A0554BA3}.Debug|x64.Build.0 = Debug|x64
		{E618F8AE-31E6-44E7-AC5F-7BA4A0554BA3}.Debug|x86.ActiveCfg = Debug|Win32
		{E618F8AE-31E6-44E7-AC5F-7BA4A0554BA3}.Debug|x86.Build.0 = Debug|Win32
		{E618F8AE-31E6-44E7-AC5F-7BA4A0554BA3}.Release|x64.ActiveCfg = Release|x64
		{E618F8AE-31E6-44E7-AC5F-7BA4A0554BA3}.Release|x64.Build.0 = Release|x64
		{E618F8AE-31E6-44E7-AC5F-7BA4A0554BA3}.Release|x86.ActiveCfg = Release|Win32
		{E618F8AE-31E6-44E7-AC5F-7BA4A0554BA3}.Release|x86.Build.0 = Release|Win32
		{4168A020-D4C3-49CA-8B56-ED372651CC3A}.Debug|x64.ActiveCfg = Debug|x64
		{4168A020-D4C3-49CA-8B56-ED372651CC3A}.Debug|x64.Build.0 = Debug|x64
		{4168A020-D4C3-49CA-8B56-ED372651CC3A}.Debug|x86.ActiveCfg = Debug|Win32
		{4168A020-D4C3-49CA-8B56-ED372651CC3A}.Debug|x86.Build.0 = Debug|Win32
		{4168A020-D4C3-49CA-8B56-ED372651CC3A}.Release|x64.ActiveCfg = Release|x64
		{4168A020-D4C3-49CA-8B56-ED372651CC3A}.Release|x64.Build.0 = Release|x64
		{4168A020-D4C3-49CA-8B56-ED372651CC3A}.Release|x86.ActiveCfg = Release|Win32
		{4168A020-D4C3-49CA-8B56-ED372651CC3A}.Release|x86.Build.0 = Release|Win32
		{53F41B82-48D2-4F2C-80C8-F41D21B2338A}.Debug|x64.ActiveCfg = Debug|x64
		{53F41B82-48D2-4F2C-80C8-F41D21B2338A}.Debug|x64.Build.0 = Debug|x64
		{53F41B82-48D2-4F2C-80C8-F41D21B2338A}.Debug|x86.ActiveCfg = Debug|Win32
		{53F41B82-48D2-4F2C-80C8-F41D21B2338A}.Debug|x86.Build.0 = Debug|Win32
		{53F41B82-48D2-4F2C-80C8-F41D21B2338A}.Release|x64.ActiveCfg = Release|x64
		{53F41B82-48D2-4F2C-80C8-F41D21B2338A}.Release|x64.Build.0 = Release|x64
		{53F41B82-48D2-4F2C-80C8-F41D21B2338A}.Release|x86.ActiveCfg = Release|Win32
		{53F41B82-48D2-4F2C-80C8-F41D21B2338A}.Release|x86.Build.0 = Release|Win32
		{68A0980D-AAD2-4326-B9CF-0D9EEC2B6888}.Debug|x64.ActiveCfg = Debug|x64
		{68A0980D-AAD2-4326-B9CF-0D9EEC2B6888}.Debug|x64.Build.0 = Debug|x64
		{68A0980D-AAD2-4326-B9CF-0D9EEC2B6888}.Debug|x86.ActiveCfg = Debug|Win32
		{68A0980D-AAD2-4326-B9CF-0D9EEC2B6888}.Debug|x86.Build.0 = Debug|Win32
		{68A0980D-AAD2-4326-B9CF-0D9EEC2B6888}.Release|x64.ActiveCfg = Release|x64
		{68A0980D-AAD2-4326-B9CF-0D9EEC2B6888}.Release|x64.Build.0 = Release|x64
		{68A0980D-AAD2-4326-B9CF-0D9EEC2B6888}.Release|x86.ActiveCfg = Release|Win32
		{68A0980D-AAD2-4326-B9CF-0D9EEC2B6888}.Release|x86.Build.0 = Release|Win32
		{808E68D9-9D87-46D2-8C9B-F27A7E8D07CC}.Debug|x64.ActiveCfg = Debug|x64
		{808E68D9-9D87-46D2-8C9B-F27A7E8D07CC}.Debug|x64.Build.0 = Debug|x64
		{808E68D9-9D87-46D2-8C9B-F27A7E8D07CC}.Debug|x86.ActiveCfg = Debug|Win32
		{808E68D9-9D87-46D2-8C9B-F27A7E8D07CC}.Debug|x86.Build.0 = Debug|Win32
		{808E68D9-9D87-46D2-8C9B-F27A7E8D07CC}.Release|x64.ActiveCfg = Release|x64
		{808E68D9-9D87-46D2-8C9B-F27A7E8D07CC}.Release|x64.Build.0 = Release|x64
		{808E68D9-9D87-46D2-8C9B-F27A7E8D07CC}.Release|x86.ActiveCfg = Release|Win32
		{808E68D9-9D87-46D2-8C9B-F27A7E8D07CC}.Release|x86.Build.0 = Release|Win32
		{FAB3C55D-CA2C-48C8-896F-891BC9143613}.Debug|x64.ActiveCfg = Debug|x64
		{FAB3C55D-CA2C-48C8-896F-891BC9143613}.Debug|x64.Build.0 = Debug|x64
		{FAB3C55D-CA2C-48C8-896F-891BC9143613}.Debug|x86.ActiveCfg = Debug|Win32
		{FAB3C55D-CA2C-48C8-896F-891BC9143613}.Debug|x86.Build.0 = Debug|Win32
		{FAB3C55D-CA2C-48C8-896F-891BC9143613}.Release|x64.ActiveCfg = Release|x64
		{FAB3C55D-CA2C-48C8-896F-891BC9143613}.Release|x64.Build.0 = Release|x64
		{FAB3C55D-CA2C-48C8-896F-891BC9143613}.Release|x86.ActiveCfg = Release|Win32
		{FAB3C55D-CA2C-48C8-896F-891BC9143613}.Release|x86.Build.0 = Release|Win32
		{9AB1D361-BF10-47F7-A1AC-91667EA1B725}.Debug|x64.ActiveCfg = Debug|x64
		{9AB1D361-BF10-47F7-A1AC-91667EA1B725}.Debug|x64.Build.0 = Debug|x64
		{9AB1D361-BF10-47F7-A1AC-91667EA1B725}.Debug|x86.ActiveCfg = Debug|Win32
		{9AB1D361-BF10-47F7-A1AC-91667EA1B725}.Debug|x86.Build.0 = Debug|Win32
		{9AB1D361-BF10-47F7-A1AC-91667EA1B725}.Release|x64.ActiveCfg = Release|x64
		{9AB1D361-BF10-47F7-A1AC-91667EA1B725}.Release|x64.Build.0 = Release|x64
		{9AB1D361-BF10-47F7-A1AC-91667EA1B725}.Release|x86.ActiveCfg = Release|Win32
		{9AB1D361-BF10-47F7-A1AC-91667EA1B725}.Release|x86.Build.0 = Release|Win32
		{174CCFCF-3E8A-4C0B-B538-4526B671BB81}.Debug|x64.ActiveCfg = Debug|x64
		{174CCFCF-3E8A-4C0B-B538-4526B671BB81}.Debug|x64.Build.0 = Debug|x64
		{174CCFCF-3E8A-4C0B-B538-4526B671BB81}.Debug|x86.ActiveCfg = Debug|Win32
		{174CCFCF-3E8A-4C0B-B538-4526B671BB81}.Debug|x86.Build.0 = Debug|Win32
		{174CCFCF-3E8A-4C0B-B538-4526B671BB81}.Release|x64.ActiveCfg = Release|x64
		{174CCFCF-3E8A-4C0B-B538-4526B671BB81}.Release|x64.Build.0 = Release|x64
		{174CCFCF-3E8A-4C0B-B538-4526B671BB81}.Release|x86.ActiveCfg = Release|Win32
		{174CCFCF-3E8A-4C0B-B538-4526B671BB81}.Release|x86.Build.0 = Release|Win32
		{2D61ACDC-41EB-4161-A938-16885356254D}.Debug|x64.ActiveCfg = Debug|x64
		{2D61ACDC-41EB-4161-A938-16885356254D}.Debug|x64.Build.0 = Debug|x64
		{2D61ACDC-41EB-4161-A938-16885356254D}.Debug|x86.ActiveCfg = Debug|Win32
		{2D61ACDC-41EB-4161-A938-16885356254D}.Debug|x86.Build.0 = Debug|Win32
		{2D61ACDC-41EB-4161-A938-16885356254D}.Release|x64.ActiveCfg = Release|x64
		{2D61ACDC-41EB-4161-A938-16885356254D}.Release|x64.Build.0 = Release|x64
		{2D61ACDC-41EB-4161-A938-16885356254D}.Release|x86.ActiveCfg = Release|Win32
		{2D61ACDC-41EB-4161-A938-16885356254D}.Release|x86.Build.0 = Release|Win32
		{7E93D048-B62B-44AB-94D0-9A4E0386E325}.Debug|x64.ActiveCfg = Debug|x64
		{7E93D048-B62B-44AB-94D0-9A4E0386E325}.Debug|x64.Build.0 = Debug|x64
		{7E93D048-B62B-44AB-94D0-9A4E0386E325}.Debug|x86.ActiveCfg = Debug|Win32
		{7E93D048-B62B-44AB-94D0-9A4E0386E325}.Debug|x86.Build.0 = Debug|Win32
		{7E93D048-B62B-44AB-94D0-9A4E0386E325}.Release|x64.ActiveCfg = Release|x64
		{7E93D048-B62B-44AB-94D0-9A4E0386E325}.Release|x64.Build.0 = Release|x64
		{7E93D048-B62B-44AB-94D0-9A4E0386E325}.Release|x86.ActiveCfg = Release|Win32
		{7E93D048-B62B-44AB-94D0-9A4E0386E325}.Release|x86.Build.0 = Release|Win32
		{936A0301-4BD6-496D-9794-4003D0BA1C0A}.Debug|x64.ActiveCfg = Debug|x64
		{936A0301-4BD6-496D-9794-4003D0BA1C0A}.Debug|x64.Build.0 = Debug|x64
		{936A0301-4BD6-496D-9794-4003D0BA1C0A}.Debug|x86.ActiveCfg = Debug|Win32
		{936A0301-4BD6-496D-9794-4003D0BA1C0A}.Debug|x86.Build.0 = Debug|Win32
		{936A0301-4BD6-496D-9794-4003D0BA1C0A}.Release|x64.ActiveCfg = Release|x64
		{936A0301-4BD6-496D-9794-4003D0BA1C0A}.Release|x64.Build.0 = Release|x64
		{936A0301-4BD6-496D-9794-4003D0BA1C0A}.Release|x86.ActiveCfg = Release|Win32
		{936A0301-4BD6-496D-9794-4003D0BA1C0A}.Release|x86.Build.0 = Release|Win32
		{D6EBF77F-2B86-49F5-A2B9-2BB8B9F4EDE4}.Debug|x64.ActiveCfg = Debug|x64
		{D6EBF77F-2B86-49F5-A2B9-2BB8B9F4EDE4}.Debug|x64.Build.0 = Debug|x64
		{D6EBF77F-2B86-49F5-A2B9-2BB8B9F4EDE4}.Debug|x86.ActiveCfg = Debug|Win32
		{D6EBF77F-2B86-49F5-A2B9-2BB8B9F4EDE4}.Debug|x86.Build.0 = Debug|Win32
		{D6EBF77F-2B86-49F5-A2B9-2BB8B9F4EDE4}.Release|x64.ActiveCfg = Release|x64
		{D6EBF77F-2B86-49F5-A2B9-2BB8B9F4EDE4}.Release|x64.Build.0 = Release|x64
		{D6EBF77F-2B86-49F5-A2B9-2BB8B9F4EDE4}.Release|x86.ActiveCfg = Release|Win32
		{D6EBF77F-2B86-49F5-A2B9-2BB8B9F4EDE4}.Release|x86.Build.0 = Release|Win32
		{09AF9A84-049A-4EF5-B29A-F4EE36F76A02}.Debug|x64.ActiveCfg = Debug|x64
		{09AF9A84-049A-4EF5-B29A-F4EE36F76A02}.Debug|x64.Build.0 = Debug|x64
		{09AF9A84-049A-4EF5-B29A-F4EE36F76A02}.Debug|x86.ActiveCfg = Debug|Win32
		{09AF9A84-049A-4EF5-B29A-F4EE36F76A02}.Debug|x86.Build.0 = Debug|Win32
		{09AF9A84-049A-4EF5-B29A-F4EE36F76A02}.Release|x64.ActiveCfg = Release|x64
		{09AF9A84-049A-4EF5-B29A-F4EE36F76A02}.Release|x64.Build.0 = Release|x64
		{09AF9A84-049A-4EF5-B29A-F4EE36F76A02}.Release|x86.ActiveCfg = Release|Win32
		{09AF9A84-049A-4EF5-B29A-F4EE36F76A02}.Release|x86.Build.0 = Release|Win32
		{26BE9B6E-C15E-4C96-842C-A4D4992563D3}.Debug|x64.ActiveCfg = Debug|x64
		{26BE9B6E-C15E-4C96-842C-A4D4992563D3}.Debug|x64.Build.0 = Debug|x64
		{26BE9B6E-C15E-4C96-842C-A4D4992563D3}.Debug|x86.ActiveCfg = Debug|Win32
		{26BE9B6E-C15E-4C96-842C-A4D4992563D3}.Debug|x86.Build.0 = Debug|Win32
		{26BE9B6E-C15E-4C96-842C-A4D4992563D3}.Release|x64.ActiveCfg = Release|x64
		{26BE9B6E-C15E-4C96-842C-A4D4992563D3}.Release|x64.Build.0 = Release|x64
		{26BE9B6E-C15E-4C96-842C-A4D4992563D3}.Release|x86.ActiveCfg = Release|Win32
		{26BE9B6E-C15E-4C96-842C-A4D4992563D3}.Release|x86.Build.0 = Release|Win32
		{0FD20EAC-501C-4898-A379-15A8BF639C9F}.Debug|x64.ActiveCfg = Debug|x64
		{0FD20EAC-501C-4898-A379-15A8BF639C9F}.Debug|x64.Build.0 = Debug|x64
		{0FD20EAC-501C-4898-A379-15A8BF639C9F}.Debug|x86.ActiveCfg = Debug|Win32
		{0FD20EAC-501C-4898-A379-15A8BF639C9F}.Debug|x86.Build.0 = Debug|Win32
		{0FD20EAC-501C-4898-A379-15A8BF639C9F}.Release|x64.ActiveCfg = Release|x64
		{0FD20EAC-501C-4898-A379-15A8BF639C9F}.Release|x64.Build.0 = Release|x64
		{0FD20EAC-501C-4898-A379-15A8BF639C9F}.Release|x86.ActiveCfg = Release|Win32
		{0FD20EAC-501C-4898-A379-15A8BF639C9F}.Release|x86.Build.0 = Release|Win32
		{094BAA45-A4B5-4E04-975E-24F2E2CD664D}.Debug|x64.ActiveCfg = Debug|x64
		{094BAA45-A4B5-4E04-975E-24F2E2CD664D}.Debug|x64.Build.0 = Debug|x64
		{094BAA45-A4B5-4E04-975E-24F2E2CD664D}.Debug|x86.ActiveCfg = Debug|Win32
		{094BAA45-A4B5-4E04-975E-24F2E2CD664D}.Debug|x86.Build.0 = Debug|Win32
		{094BAA45-A4B5-4E04-975E-24F2E2CD664D}.Release|x64.ActiveCfg = Release|x64
		{094BAA45-A4B5-4E04-975E-24F2E2CD664D}.Release|x64.Build.0 = Release|x64
		{094BAA45-A4B5-4E04-975E-24F2E2CD664D}.Release|x86.ActiveCfg = Release|Win32
		{094BAA45-A4B5-4E04-975E-24F2E2CD664D}.Release|x86.Build.0 = Release|Win32
	EndGlobalSection
	GlobalSection(SolutionProperties) = preSolution
		HideSolutionNode = FALSE
	EndGlobalSection
	GlobalSection(ExtensibilityGlobals) = postSolution
		SolutionGuid = {C2A90536-7C6C-46FE-8AD3-8898B4045C60}
	EndGlobalSection
EndGlobal
