
Microsoft Visual Studio Solution File, Format Version 12.00
# Visual Studio Version 17
VisualStudioVersion = 17.7.34031.279
MinimumVisualStudioVersion = 10.0.40219.1
Project("{8BC9CEB8-8B4A-11D0-8D11-00A0C91BC942}") = "Bai001", "Bai001\Bai001.vcxproj", "{BF944C9F-DE6D-485F-81A1-A372F21E88C3}"
EndProject
Project("{8BC9CEB8-8B4A-11D0-8D11-00A0C91BC942}") = "Bai002", "Bai002\Bai002.vcxproj", "{29BC3ABA-C896-4208-A0C0-505DB6DFE015}"
EndProject
Project("{8BC9CEB8-8B4A-11D0-8D11-00A0C91BC942}") = "Bai003", "Bai003\Bai003.vcxproj", "{BA7FB9E3-0197-46E0-AC59-A333E88DD2B8}"
EndProject
Project("{8BC9CEB8-8B4A-11D0-8D11-00A0C91BC942}") = "Bai004", "Bai004\Bai004.vcxproj", "{4A60347F-3167-4079-9B49-AC0F61847523}"
EndProject
Project("{8BC9CEB8-8B4A-11D0-8D11-00A0C91BC942}") = "Bai005", "Bai005\Bai005.vcxproj", "{F536825D-B999-4589-AB5B-AE7557622A16}"
EndProject
Project("{8BC9CEB8-8B4A-11D0-8D11-00A0C91BC942}") = "Bai007", "Bai007\Bai007.vcxproj", "{02609B34-1504-49CD-9E92-8ED56233164C}"
EndProject
Project("{8BC9CEB8-8B4A-11D0-8D11-00A0C91BC942}") = "Bai008", "Bai008\Bai008.vcxproj", "{4572A5E4-C23A-4A4D-9A0D-7B63E543C83D}"
EndProject
Project("{8BC9CEB8-8B4A-11D0-8D11-00A0C91BC942}") = "Bai009", "Bai009\Bai009.vcxproj", "{5371D97F-F00F-4F62-BD10-4E26742EC45A}"
EndProject
Project("{8BC9CEB8-8B4A-11D0-8D11-00A0C91BC942}") = "Bai010", "Bai010\Bai010.vcxproj", "{E26217FC-E939-46C3-83A1-09DCB2C8AEA3}"
EndProject
Project("{8BC9CEB8-8B4A-11D0-8D11-00A0C91BC942}") = "Bai006", "Bai006\Bai006.vcxproj", "{B0907221-27D1-464D-B00E-279FF3D4A794}"
EndProject
Project("{8BC9CEB8-8B4A-11D0-8D11-00A0C91BC942}") = "Bai011", "Bai011\Bai011.vcxproj", "{78AC60C7-3464-4391-9CA6-DC1830BFC112}"
EndProject
Project("{8BC9CEB8-8B4A-11D0-8D11-00A0C91BC942}") = "Bai012", "Bai012\Bai012.vcxproj", "{9B778BCA-C870-40D1-9993-43FF647FCF2D}"
EndProject
Project("{8BC9CEB8-8B4A-11D0-8D11-00A0C91BC942}") = "Bai013", "Bai013\Bai013.vcxproj", "{04C52287-C086-47D3-99DB-1FBBFE433D1B}"
EndProject
Project("{8BC9CEB8-8B4A-11D0-8D11-00A0C91BC942}") = "Bai014", "Bai014\Bai014.vcxproj", "{DBFD2597-881E-46B3-937E-F21B93136771}"
EndProject
Project("{8BC9CEB8-8B4A-11D0-8D11-00A0C91BC942}") = "Bai015", "Bai015\Bai015.vcxproj", "{DA48422F-9E0D-4FFA-B42A-D905572E4965}"
EndProject
Project("{8BC9CEB8-8B4A-11D0-8D11-00A0C91BC942}") = "Bai022", "Bai022\Bai022.vcxproj", "{CA9181FC-EC63-486B-8737-A62B2CC960CC}"
EndProject
Project("{8BC9CEB8-8B4A-11D0-8D11-00A0C91BC942}") = "Bai023", "Bai023\Bai023.vcxproj", "{2B7716D1-995E-4A7F-A6DE-EF46ECC26C05}"
EndProject
Project("{8BC9CEB8-8B4A-11D0-8D11-00A0C91BC942}") = "Bai024", "Bai024\Bai024.vcxproj", "{F8820DD6-0954-4874-8FC5-F7131E30DC2F}"
EndProject
Project("{8BC9CEB8-8B4A-11D0-8D11-00A0C91BC942}") = "Bai025", "Bai025\Bai025.vcxproj", "{4D09670E-DDBD-4B1F-9552-2485FEA5F89D}"
EndProject
Project("{8BC9CEB8-8B4A-11D0-8D11-00A0C91BC942}") = "Bai027", "Bai027\Bai027.vcxproj", "{4E2F9C1B-46D9-4351-A002-13D4D4C28145}"
EndProject
Project("{8BC9CEB8-8B4A-11D0-8D11-00A0C91BC942}") = "Bai028", "Bai028\Bai028.vcxproj", "{E326B9F1-3B07-4D04-BC23-A71DBEB2C811}"
EndProject
Global
	GlobalSection(SolutionConfigurationPlatforms) = preSolution
		Debug|x64 = Debug|x64
		Debug|x86 = Debug|x86
		Release|x64 = Release|x64
		Release|x86 = Release|x86
	EndGlobalSection
	GlobalSection(ProjectConfigurationPlatforms) = postSolution
		{BF944C9F-DE6D-485F-81A1-A372F21E88C3}.Debug|x64.ActiveCfg = Debug|x64
		{BF944C9F-DE6D-485F-81A1-A372F21E88C3}.Debug|x64.Build.0 = Debug|x64
		{BF944C9F-DE6D-485F-81A1-A372F21E88C3}.Debug|x86.ActiveCfg = Debug|Win32
		{BF944C9F-DE6D-485F-81A1-A372F21E88C3}.Debug|x86.Build.0 = Debug|Win32
		{BF944C9F-DE6D-485F-81A1-A372F21E88C3}.Release|x64.ActiveCfg = Release|x64
		{BF944C9F-DE6D-485F-81A1-A372F21E88C3}.Release|x64.Build.0 = Release|x64
		{BF944C9F-DE6D-485F-81A1-A372F21E88C3}.Release|x86.ActiveCfg = Release|Win32
		{BF944C9F-DE6D-485F-81A1-A372F21E88C3}.Release|x86.Build.0 = Release|Win32
		{29BC3ABA-C896-4208-A0C0-505DB6DFE015}.Debug|x64.ActiveCfg = Debug|x64
		{29BC3ABA-C896-4208-A0C0-505DB6DFE015}.Debug|x64.Build.0 = Debug|x64
		{29BC3ABA-C896-4208-A0C0-505DB6DFE015}.Debug|x86.ActiveCfg = Debug|Win32
		{29BC3ABA-C896-4208-A0C0-505DB6DFE015}.Debug|x86.Build.0 = Debug|Win32
		{29BC3ABA-C896-4208-A0C0-505DB6DFE015}.Release|x64.ActiveCfg = Release|x64
		{29BC3ABA-C896-4208-A0C0-505DB6DFE015}.Release|x64.Build.0 = Release|x64
		{29BC3ABA-C896-4208-A0C0-505DB6DFE015}.Release|x86.ActiveCfg = Release|Win32
		{29BC3ABA-C896-4208-A0C0-505DB6DFE015}.Release|x86.Build.0 = Release|Win32
		{BA7FB9E3-0197-46E0-AC59-A333E88DD2B8}.Debug|x64.ActiveCfg = Debug|x64
		{BA7FB9E3-0197-46E0-AC59-A333E88DD2B8}.Debug|x64.Build.0 = Debug|x64
		{BA7FB9E3-0197-46E0-AC59-A333E88DD2B8}.Debug|x86.ActiveCfg = Debug|Win32
		{BA7FB9E3-0197-46E0-AC59-A333E88DD2B8}.Debug|x86.Build.0 = Debug|Win32
		{BA7FB9E3-0197-46E0-AC59-A333E88DD2B8}.Release|x64.ActiveCfg = Release|x64
		{BA7FB9E3-0197-46E0-AC59-A333E88DD2B8}.Release|x64.Build.0 = Release|x64
		{BA7FB9E3-0197-46E0-AC59-A333E88DD2B8}.Release|x86.ActiveCfg = Release|Win32
		{BA7FB9E3-0197-46E0-AC59-A333E88DD2B8}.Release|x86.Build.0 = Release|Win32
		{4A60347F-3167-4079-9B49-AC0F61847523}.Debug|x64.ActiveCfg = Debug|x64
		{4A60347F-3167-4079-9B49-AC0F61847523}.Debug|x64.Build.0 = Debug|x64
		{4A60347F-3167-4079-9B49-AC0F61847523}.Debug|x86.ActiveCfg = Debug|Win32
		{4A60347F-3167-4079-9B49-AC0F61847523}.Debug|x86.Build.0 = Debug|Win32
		{4A60347F-3167-4079-9B49-AC0F61847523}.Release|x64.ActiveCfg = Release|x64
		{4A60347F-3167-4079-9B49-AC0F61847523}.Release|x64.Build.0 = Release|x64
		{4A60347F-3167-4079-9B49-AC0F61847523}.Release|x86.ActiveCfg = Release|Win32
		{4A60347F-3167-4079-9B49-AC0F61847523}.Release|x86.Build.0 = Release|Win32
		{F536825D-B999-4589-AB5B-AE7557622A16}.Debug|x64.ActiveCfg = Debug|x64
		{F536825D-B999-4589-AB5B-AE7557622A16}.Debug|x64.Build.0 = Debug|x64
		{F536825D-B999-4589-AB5B-AE7557622A16}.Debug|x86.ActiveCfg = Debug|Win32
		{F536825D-B999-4589-AB5B-AE7557622A16}.Debug|x86.Build.0 = Debug|Win32
		{F536825D-B999-4589-AB5B-AE7557622A16}.Release|x64.ActiveCfg = Release|x64
		{F536825D-B999-4589-AB5B-AE7557622A16}.Release|x64.Build.0 = Release|x64
		{F536825D-B999-4589-AB5B-AE7557622A16}.Release|x86.ActiveCfg = Release|Win32
		{F536825D-B999-4589-AB5B-AE7557622A16}.Release|x86.Build.0 = Release|Win32
		{02609B34-1504-49CD-9E92-8ED56233164C}.Debug|x64.ActiveCfg = Debug|x64
		{02609B34-1504-49CD-9E92-8ED56233164C}.Debug|x64.Build.0 = Debug|x64
		{02609B34-1504-49CD-9E92-8ED56233164C}.Debug|x86.ActiveCfg = Debug|Win32
		{02609B34-1504-49CD-9E92-8ED56233164C}.Debug|x86.Build.0 = Debug|Win32
		{02609B34-1504-49CD-9E92-8ED56233164C}.Release|x64.ActiveCfg = Release|x64
		{02609B34-1504-49CD-9E92-8ED56233164C}.Release|x64.Build.0 = Release|x64
		{02609B34-1504-49CD-9E92-8ED56233164C}.Release|x86.ActiveCfg = Release|Win32
		{02609B34-1504-49CD-9E92-8ED56233164C}.Release|x86.Build.0 = Release|Win32
		{4572A5E4-C23A-4A4D-9A0D-7B63E543C83D}.Debug|x64.ActiveCfg = Debug|x64
		{4572A5E4-C23A-4A4D-9A0D-7B63E543C83D}.Debug|x64.Build.0 = Debug|x64
		{4572A5E4-C23A-4A4D-9A0D-7B63E543C83D}.Debug|x86.ActiveCfg = Debug|Win32
		{4572A5E4-C23A-4A4D-9A0D-7B63E543C83D}.Debug|x86.Build.0 = Debug|Win32
		{4572A5E4-C23A-4A4D-9A0D-7B63E543C83D}.Release|x64.ActiveCfg = Release|x64
		{4572A5E4-C23A-4A4D-9A0D-7B63E543C83D}.Release|x64.Build.0 = Release|x64
		{4572A5E4-C23A-4A4D-9A0D-7B63E543C83D}.Release|x86.ActiveCfg = Release|Win32
		{4572A5E4-C23A-4A4D-9A0D-7B63E543C83D}.Release|x86.Build.0 = Release|Win32
		{5371D97F-F00F-4F62-BD10-4E26742EC45A}.Debug|x64.ActiveCfg = Debug|x64
		{5371D97F-F00F-4F62-BD10-4E26742EC45A}.Debug|x64.Build.0 = Debug|x64
		{5371D97F-F00F-4F62-BD10-4E26742EC45A}.Debug|x86.ActiveCfg = Debug|Win32
		{5371D97F-F00F-4F62-BD10-4E26742EC45A}.Debug|x86.Build.0 = Debug|Win32
		{5371D97F-F00F-4F62-BD10-4E26742EC45A}.Release|x64.ActiveCfg = Release|x64
		{5371D97F-F00F-4F62-BD10-4E26742EC45A}.Release|x64.Build.0 = Release|x64
		{5371D97F-F00F-4F62-BD10-4E26742EC45A}.Release|x86.ActiveCfg = Release|Win32
		{5371D97F-F00F-4F62-BD10-4E26742EC45A}.Release|x86.Build.0 = Release|Win32
		{E26217FC-E939-46C3-83A1-09DCB2C8AEA3}.Debug|x64.ActiveCfg = Debug|x64
		{E26217FC-E939-46C3-83A1-09DCB2C8AEA3}.Debug|x64.Build.0 = Debug|x64
		{E26217FC-E939-46C3-83A1-09DCB2C8AEA3}.Debug|x86.ActiveCfg = Debug|Win32
		{E26217FC-E939-46C3-83A1-09DCB2C8AEA3}.Debug|x86.Build.0 = Debug|Win32
		{E26217FC-E939-46C3-83A1-09DCB2C8AEA3}.Release|x64.ActiveCfg = Release|x64
		{E26217FC-E939-46C3-83A1-09DCB2C8AEA3}.Release|x64.Build.0 = Release|x64
		{E26217FC-E939-46C3-83A1-09DCB2C8AEA3}.Release|x86.ActiveCfg = Release|Win32
		{E26217FC-E939-46C3-83A1-09DCB2C8AEA3}.Release|x86.Build.0 = Release|Win32
		{B0907221-27D1-464D-B00E-279FF3D4A794}.Debug|x64.ActiveCfg = Debug|x64
		{B0907221-27D1-464D-B00E-279FF3D4A794}.Debug|x64.Build.0 = Debug|x64
		{B0907221-27D1-464D-B00E-279FF3D4A794}.Debug|x86.ActiveCfg = Debug|Win32
		{B0907221-27D1-464D-B00E-279FF3D4A794}.Debug|x86.Build.0 = Debug|Win32
		{B0907221-27D1-464D-B00E-279FF3D4A794}.Release|x64.ActiveCfg = Release|x64
		{B0907221-27D1-464D-B00E-279FF3D4A794}.Release|x64.Build.0 = Release|x64
		{B0907221-27D1-464D-B00E-279FF3D4A794}.Release|x86.ActiveCfg = Release|Win32
		{B0907221-27D1-464D-B00E-279FF3D4A794}.Release|x86.Build.0 = Release|Win32
		{78AC60C7-3464-4391-9CA6-DC1830BFC112}.Debug|x64.ActiveCfg = Debug|x64
		{78AC60C7-3464-4391-9CA6-DC1830BFC112}.Debug|x64.Build.0 = Debug|x64
		{78AC60C7-3464-4391-9CA6-DC1830BFC112}.Debug|x86.ActiveCfg = Debug|Win32
		{78AC60C7-3464-4391-9CA6-DC1830BFC112}.Debug|x86.Build.0 = Debug|Win32
		{78AC60C7-3464-4391-9CA6-DC1830BFC112}.Release|x64.ActiveCfg = Release|x64
		{78AC60C7-3464-4391-9CA6-DC1830BFC112}.Release|x64.Build.0 = Release|x64
		{78AC60C7-3464-4391-9CA6-DC1830BFC112}.Release|x86.ActiveCfg = Release|Win32
		{78AC60C7-3464-4391-9CA6-DC1830BFC112}.Release|x86.Build.0 = Release|Win32
		{9B778BCA-C870-40D1-9993-43FF647FCF2D}.Debug|x64.ActiveCfg = Debug|x64
		{9B778BCA-C870-40D1-9993-43FF647FCF2D}.Debug|x64.Build.0 = Debug|x64
		{9B778BCA-C870-40D1-9993-43FF647FCF2D}.Debug|x86.ActiveCfg = Debug|Win32
		{9B778BCA-C870-40D1-9993-43FF647FCF2D}.Debug|x86.Build.0 = Debug|Win32
		{9B778BCA-C870-40D1-9993-43FF647FCF2D}.Release|x64.ActiveCfg = Release|x64
		{9B778BCA-C870-40D1-9993-43FF647FCF2D}.Release|x64.Build.0 = Release|x64
		{9B778BCA-C870-40D1-9993-43FF647FCF2D}.Release|x86.ActiveCfg = Release|Win32
		{9B778BCA-C870-40D1-9993-43FF647FCF2D}.Release|x86.Build.0 = Release|Win32
		{04C52287-C086-47D3-99DB-1FBBFE433D1B}.Debug|x64.ActiveCfg = Debug|x64
		{04C52287-C086-47D3-99DB-1FBBFE433D1B}.Debug|x64.Build.0 = Debug|x64
		{04C52287-C086-47D3-99DB-1FBBFE433D1B}.Debug|x86.ActiveCfg = Debug|Win32
		{04C52287-C086-47D3-99DB-1FBBFE433D1B}.Debug|x86.Build.0 = Debug|Win32
		{04C52287-C086-47D3-99DB-1FBBFE433D1B}.Release|x64.ActiveCfg = Release|x64
		{04C52287-C086-47D3-99DB-1FBBFE433D1B}.Release|x64.Build.0 = Release|x64
		{04C52287-C086-47D3-99DB-1FBBFE433D1B}.Release|x86.ActiveCfg = Release|Win32
		{04C52287-C086-47D3-99DB-1FBBFE433D1B}.Release|x86.Build.0 = Release|Win32
		{DBFD2597-881E-46B3-937E-F21B93136771}.Debug|x64.ActiveCfg = Debug|x64
		{DBFD2597-881E-46B3-937E-F21B93136771}.Debug|x64.Build.0 = Debug|x64
		{DBFD2597-881E-46B3-937E-F21B93136771}.Debug|x86.ActiveCfg = Debug|Win32
		{DBFD2597-881E-46B3-937E-F21B93136771}.Debug|x86.Build.0 = Debug|Win32
		{DBFD2597-881E-46B3-937E-F21B93136771}.Release|x64.ActiveCfg = Release|x64
		{DBFD2597-881E-46B3-937E-F21B93136771}.Release|x64.Build.0 = Release|x64
		{DBFD2597-881E-46B3-937E-F21B93136771}.Release|x86.ActiveCfg = Release|Win32
		{DBFD2597-881E-46B3-937E-F21B93136771}.Release|x86.Build.0 = Release|Win32
		{DA48422F-9E0D-4FFA-B42A-D905572E4965}.Debug|x64.ActiveCfg = Debug|x64
		{DA48422F-9E0D-4FFA-B42A-D905572E4965}.Debug|x64.Build.0 = Debug|x64
		{DA48422F-9E0D-4FFA-B42A-D905572E4965}.Debug|x86.ActiveCfg = Debug|Win32
		{DA48422F-9E0D-4FFA-B42A-D905572E4965}.Debug|x86.Build.0 = Debug|Win32
		{DA48422F-9E0D-4FFA-B42A-D905572E4965}.Release|x64.ActiveCfg = Release|x64
		{DA48422F-9E0D-4FFA-B42A-D905572E4965}.Release|x64.Build.0 = Release|x64
		{DA48422F-9E0D-4FFA-B42A-D905572E4965}.Release|x86.ActiveCfg = Release|Win32
		{DA48422F-9E0D-4FFA-B42A-D905572E4965}.Release|x86.Build.0 = Release|Win32
		{CA9181FC-EC63-486B-8737-A62B2CC960CC}.Debug|x64.ActiveCfg = Debug|x64
		{CA9181FC-EC63-486B-8737-A62B2CC960CC}.Debug|x64.Build.0 = Debug|x64
		{CA9181FC-EC63-486B-8737-A62B2CC960CC}.Debug|x86.ActiveCfg = Debug|Win32
		{CA9181FC-EC63-486B-8737-A62B2CC960CC}.Debug|x86.Build.0 = Debug|Win32
		{CA9181FC-EC63-486B-8737-A62B2CC960CC}.Release|x64.ActiveCfg = Release|x64
		{CA9181FC-EC63-486B-8737-A62B2CC960CC}.Release|x64.Build.0 = Release|x64
		{CA9181FC-EC63-486B-8737-A62B2CC960CC}.Release|x86.ActiveCfg = Release|Win32
		{CA9181FC-EC63-486B-8737-A62B2CC960CC}.Release|x86.Build.0 = Release|Win32
		{2B7716D1-995E-4A7F-A6DE-EF46ECC26C05}.Debug|x64.ActiveCfg = Debug|x64
		{2B7716D1-995E-4A7F-A6DE-EF46ECC26C05}.Debug|x64.Build.0 = Debug|x64
		{2B7716D1-995E-4A7F-A6DE-EF46ECC26C05}.Debug|x86.ActiveCfg = Debug|Win32
		{2B7716D1-995E-4A7F-A6DE-EF46ECC26C05}.Debug|x86.Build.0 = Debug|Win32
		{2B7716D1-995E-4A7F-A6DE-EF46ECC26C05}.Release|x64.ActiveCfg = Release|x64
		{2B7716D1-995E-4A7F-A6DE-EF46ECC26C05}.Release|x64.Build.0 = Release|x64
		{2B7716D1-995E-4A7F-A6DE-EF46ECC26C05}.Release|x86.ActiveCfg = Release|Win32
		{2B7716D1-995E-4A7F-A6DE-EF46ECC26C05}.Release|x86.Build.0 = Release|Win32
		{F8820DD6-0954-4874-8FC5-F7131E30DC2F}.Debug|x64.ActiveCfg = Debug|x64
		{F8820DD6-0954-4874-8FC5-F7131E30DC2F}.Debug|x64.Build.0 = Debug|x64
		{F8820DD6-0954-4874-8FC5-F7131E30DC2F}.Debug|x86.ActiveCfg = Debug|Win32
		{F8820DD6-0954-4874-8FC5-F7131E30DC2F}.Debug|x86.Build.0 = Debug|Win32
		{F8820DD6-0954-4874-8FC5-F7131E30DC2F}.Release|x64.ActiveCfg = Release|x64
		{F8820DD6-0954-4874-8FC5-F7131E30DC2F}.Release|x64.Build.0 = Release|x64
		{F8820DD6-0954-4874-8FC5-F7131E30DC2F}.Release|x86.ActiveCfg = Release|Win32
		{F8820DD6-0954-4874-8FC5-F7131E30DC2F}.Release|x86.Build.0 = Release|Win32
		{4D09670E-DDBD-4B1F-9552-2485FEA5F89D}.Debug|x64.ActiveCfg = Debug|x64
		{4D09670E-DDBD-4B1F-9552-2485FEA5F89D}.Debug|x64.Build.0 = Debug|x64
		{4D09670E-DDBD-4B1F-9552-2485FEA5F89D}.Debug|x86.ActiveCfg = Debug|Win32
		{4D09670E-DDBD-4B1F-9552-2485FEA5F89D}.Debug|x86.Build.0 = Debug|Win32
		{4D09670E-DDBD-4B1F-9552-2485FEA5F89D}.Release|x64.ActiveCfg = Release|x64
		{4D09670E-DDBD-4B1F-9552-2485FEA5F89D}.Release|x64.Build.0 = Release|x64
		{4D09670E-DDBD-4B1F-9552-2485FEA5F89D}.Release|x86.ActiveCfg = Release|Win32
		{4D09670E-DDBD-4B1F-9552-2485FEA5F89D}.Release|x86.Build.0 = Release|Win32
		{4E2F9C1B-46D9-4351-A002-13D4D4C28145}.Debug|x64.ActiveCfg = Debug|x64
		{4E2F9C1B-46D9-4351-A002-13D4D4C28145}.Debug|x64.Build.0 = Debug|x64
		{4E2F9C1B-46D9-4351-A002-13D4D4C28145}.Debug|x86.ActiveCfg = Debug|Win32
		{4E2F9C1B-46D9-4351-A002-13D4D4C28145}.Debug|x86.Build.0 = Debug|Win32
		{4E2F9C1B-46D9-4351-A002-13D4D4C28145}.Release|x64.ActiveCfg = Release|x64
		{4E2F9C1B-46D9-4351-A002-13D4D4C28145}.Release|x64.Build.0 = Release|x64
		{4E2F9C1B-46D9-4351-A002-13D4D4C28145}.Release|x86.ActiveCfg = Release|Win32
		{4E2F9C1B-46D9-4351-A002-13D4D4C28145}.Release|x86.Build.0 = Release|Win32
		{E326B9F1-3B07-4D04-BC23-A71DBEB2C811}.Debug|x64.ActiveCfg = Debug|x64
		{E326B9F1-3B07-4D04-BC23-A71DBEB2C811}.Debug|x64.Build.0 = Debug|x64
		{E326B9F1-3B07-4D04-BC23-A71DBEB2C811}.Debug|x86.ActiveCfg = Debug|Win32
		{E326B9F1-3B07-4D04-BC23-A71DBEB2C811}.Debug|x86.Build.0 = Debug|Win32
		{E326B9F1-3B07-4D04-BC23-A71DBEB2C811}.Release|x64.ActiveCfg = Release|x64
		{E326B9F1-3B07-4D04-BC23-A71DBEB2C811}.Release|x64.Build.0 = Release|x64
		{E326B9F1-3B07-4D04-BC23-A71DBEB2C811}.Release|x86.ActiveCfg = Release|Win32
		{E326B9F1-3B07-4D04-BC23-A71DBEB2C811}.Release|x86.Build.0 = Release|Win32
	EndGlobalSection
	GlobalSection(SolutionProperties) = preSolution
		HideSolutionNode = FALSE
	EndGlobalSection
	GlobalSection(ExtensibilityGlobals) = postSolution
		SolutionGuid = {C2A90536-7C6C-46FE-8AD3-8898B4045C60}
	EndGlobalSection
EndGlobal
